
Microsoft Visual Studio Solution File, Format Version 12.00
# Visual Studio Version 17
VisualStudioVersion = 17.5.002.0
MinimumVisualStudioVersion = 10.0.40219.1
Project("{9A19103F-16F7-4668-BE54-9A1E7A4F7556}") = "StringDecorator", "StringDecorator.csproj", "{E62E9B29-D46E-4862-84C0-B2EE5623150B}"
EndProject
Global
	GlobalSection(SolutionConfigurationPlatforms) = preSolution
		Debug|Any CPU = Debug|Any CPU
		Release|Any CPU = Release|Any CPU
	EndGlobalSection
	GlobalSection(ProjectConfigurationPlatforms) = postSolution
		{E62E9B29-D46E-4862-84C0-B2EE5623150B}.Debug|Any CPU.ActiveCfg = Debug|Any CPU
		{E62E9B29-D46E-4862-84C0-B2EE5623150B}.Debug|Any CPU.Build.0 = Debug|Any CPU
		{E62E9B29-D46E-4862-84C0-B2EE5623150B}.Release|Any CPU.ActiveCfg = Release|Any CPU
		{E62E9B29-D46E-4862-84C0-B2EE5623150B}.Release|Any CPU.Build.0 = Release|Any CPU
	EndGlobalSection
	GlobalSection(SolutionProperties) = preSolution
		HideSolutionNode = FALSE
	EndGlobalSection
	GlobalSection(ExtensibilityGlobals) = postSolution
		SolutionGuid = {8CACB00B-C170-4688-BF9A-5381C65D969F}
	EndGlobalSection
EndGlobal
